// !$*UTF8*$!
{
	archiveVersion = 1;
	classes = {
	};
	objectVersion = 56;
	objects = {

/* Begin PBXBuildFile section */
		95484BB2293126BF0021B21B /* AppDelegate.swift in Sources */ = {isa = PBXBuildFile; fileRef = 95484BB1293126BF0021B21B /* AppDelegate.swift */; };
		95484BB4293126BF0021B21B /* SceneDelegate.swift in Sources */ = {isa = PBXBuildFile; fileRef = 95484BB3293126BF0021B21B /* SceneDelegate.swift */; };
		95484BB6293126BF0021B21B /* ViewController.swift in Sources */ = {isa = PBXBuildFile; fileRef = 95484BB5293126BF0021B21B /* ViewController.swift */; };
		95484BBB293126BF0021B21B /* Assets.xcassets in Resources */ = {isa = PBXBuildFile; fileRef = 95484BBA293126BF0021B21B /* Assets.xcassets */; };
		95484BBE293126BF0021B21B /* LaunchScreen.storyboard in Resources */ = {isa = PBXBuildFile; fileRef = 95484BBC293126BF0021B21B /* LaunchScreen.storyboard */; };
		95484BC9293126BF0021B21B /* ChallengeAnimalUserTests.swift in Sources */ = {isa = PBXBuildFile; fileRef = 95484BC8293126BF0021B21B /* ChallengeAnimalUserTests.swift */; };
		95484BD3293126BF0021B21B /* ChallengeAnimalUserUITests.swift in Sources */ = {isa = PBXBuildFile; fileRef = 95484BD2293126BF0021B21B /* ChallengeAnimalUserUITests.swift */; };
		95484BD5293126BF0021B21B /* ChallengeAnimalUserUITestsLaunchTests.swift in Sources */ = {isa = PBXBuildFile; fileRef = 95484BD4293126BF0021B21B /* ChallengeAnimalUserUITestsLaunchTests.swift */; };
/* End PBXBuildFile section */

/* Begin PBXContainerItemProxy section */
		95484BC5293126BF0021B21B /* PBXContainerItemProxy */ = {
			isa = PBXContainerItemProxy;
			containerPortal = 95484BA6293126BE0021B21B /* Project object */;
			proxyType = 1;
			remoteGlobalIDString = 95484BAD293126BE0021B21B;
			remoteInfo = ChallengeAnimalUser;
		};
		95484BCF293126BF0021B21B /* PBXContainerItemProxy */ = {
			isa = PBXContainerItemProxy;
			containerPortal = 95484BA6293126BE0021B21B /* Project object */;
			proxyType = 1;
			remoteGlobalIDString = 95484BAD293126BE0021B21B;
			remoteInfo = ChallengeAnimalUser;
		};
/* End PBXContainerItemProxy section */

/* Begin PBXFileReference section */
		95484BAE293126BF0021B21B /* ChallengeAnimalUser.app */ = {isa = PBXFileReference; explicitFileType = wrapper.application; includeInIndex = 0; path = ChallengeAnimalUser.app; sourceTree = BUILT_PRODUCTS_DIR; };
		95484BB1293126BF0021B21B /* AppDelegate.swift */ = {isa = PBXFileReference; lastKnownFileType = sourcecode.swift; path = AppDelegate.swift; sourceTree = "<group>"; };
		95484BB3293126BF0021B21B /* SceneDelegate.swift */ = {isa = PBXFileReference; lastKnownFileType = sourcecode.swift; path = SceneDelegate.swift; sourceTree = "<group>"; };
		95484BB5293126BF0021B21B /* ViewController.swift */ = {isa = PBXFileReference; lastKnownFileType = sourcecode.swift; path = ViewController.swift; sourceTree = "<group>"; };
		95484BBA293126BF0021B21B /* Assets.xcassets */ = {isa = PBXFileReference; lastKnownFileType = folder.assetcatalog; path = Assets.xcassets; sourceTree = "<group>"; };
		95484BBD293126BF0021B21B /* Base */ = {isa = PBXFileReference; lastKnownFileType = file.storyboard; name = Base; path = Base.lproj/LaunchScreen.storyboard; sourceTree = "<group>"; };
		95484BBF293126BF0021B21B /* Info.plist */ = {isa = PBXFileReference; lastKnownFileType = text.plist.xml; path = Info.plist; sourceTree = "<group>"; };
		95484BC4293126BF0021B21B /* ChallengeAnimalUserTests.xctest */ = {isa = PBXFileReference; explicitFileType = wrapper.cfbundle; includeInIndex = 0; path = ChallengeAnimalUserTests.xctest; sourceTree = BUILT_PRODUCTS_DIR; };
		95484BC8293126BF0021B21B /* ChallengeAnimalUserTests.swift */ = {isa = PBXFileReference; lastKnownFileType = sourcecode.swift; path = ChallengeAnimalUserTests.swift; sourceTree = "<group>"; };
		95484BCE293126BF0021B21B /* ChallengeAnimalUserUITests.xctest */ = {isa = PBXFileReference; explicitFileType = wrapper.cfbundle; includeInIndex = 0; path = ChallengeAnimalUserUITests.xctest; sourceTree = BUILT_PRODUCTS_DIR; };
		95484BD2293126BF0021B21B /* ChallengeAnimalUserUITests.swift */ = {isa = PBXFileReference; lastKnownFileType = sourcecode.swift; path = ChallengeAnimalUserUITests.swift; sourceTree = "<group>"; };
		95484BD4293126BF0021B21B /* ChallengeAnimalUserUITestsLaunchTests.swift */ = {isa = PBXFileReference; lastKnownFileType = sourcecode.swift; path = ChallengeAnimalUserUITestsLaunchTests.swift; sourceTree = "<group>"; };
/* End PBXFileReference section */

/* Begin PBXFrameworksBuildPhase section */
		95484BAB293126BE0021B21B /* Frameworks */ = {
			isa = PBXFrameworksBuildPhase;
			buildActionMask = 2147483647;
			files = (
			);
			runOnlyForDeploymentPostprocessing = 0;
		};
		95484BC1293126BF0021B21B /* Frameworks */ = {
			isa = PBXFrameworksBuildPhase;
			buildActionMask = 2147483647;
			files = (
			);
			runOnlyForDeploymentPostprocessing = 0;
		};
		95484BCB293126BF0021B21B /* Frameworks */ = {
			isa = PBXFrameworksBuildPhase;
			buildActionMask = 2147483647;
			files = (
			);
			runOnlyForDeploymentPostprocessing = 0;
		};
/* End PBXFrameworksBuildPhase section */

/* Begin PBXGroup section */
		95484BA5293126BE0021B21B = {
			isa = PBXGroup;
			children = (
				95484BB0293126BF0021B21B /* ChallengeAnimalUser */,
				95484BC7293126BF0021B21B /* ChallengeAnimalUserTests */,
				95484BD1293126BF0021B21B /* ChallengeAnimalUserUITests */,
				95484BAF293126BF0021B21B /* Products */,
			);
			sourceTree = "<group>";
		};
		95484BAF293126BF0021B21B /* Products */ = {
			isa = PBXGroup;
			children = (
				95484BAE293126BF0021B21B /* ChallengeAnimalUser.app */,
				95484BC4293126BF0021B21B /* ChallengeAnimalUserTests.xctest */,
				95484BCE293126BF0021B21B /* ChallengeAnimalUserUITests.xctest */,
			);
			name = Products;
			sourceTree = "<group>";
		};
		95484BB0293126BF0021B21B /* ChallengeAnimalUser */ = {
			isa = PBXGroup;
			children = (
				95484BB1293126BF0021B21B /* AppDelegate.swift */,
				95484BB3293126BF0021B21B /* SceneDelegate.swift */,
				95484BB5293126BF0021B21B /* ViewController.swift */,
				95484BBA293126BF0021B21B /* Assets.xcassets */,
				95484BBC293126BF0021B21B /* LaunchScreen.storyboard */,
				95484BBF293126BF0021B21B /* Info.plist */,
			);
			path = ChallengeAnimalUser;
			sourceTree = "<group>";
		};
		95484BC7293126BF0021B21B /* ChallengeAnimalUserTests */ = {
			isa = PBXGroup;
			children = (
				95484BC8293126BF0021B21B /* ChallengeAnimalUserTests.swift */,
			);
			path = ChallengeAnimalUserTests;
			sourceTree = "<group>";
		};
		95484BD1293126BF0021B21B /* ChallengeAnimalUserUITests */ = {
			isa = PBXGroup;
			children = (
				95484BD2293126BF0021B21B /* ChallengeAnimalUserUITests.swift */,
				95484BD4293126BF0021B21B /* ChallengeAnimalUserUITestsLaunchTests.swift */,
			);
			path = ChallengeAnimalUserUITests;
			sourceTree = "<group>";
		};
/* End PBXGroup section */

/* Begin PBXNativeTarget section */
		95484BAD293126BE0021B21B /* ChallengeAnimalUser */ = {
			isa = PBXNativeTarget;
			buildConfigurationList = 95484BD8293126BF0021B21B /* Build configuration list for PBXNativeTarget "ChallengeAnimalUser" */;
			buildPhases = (
				95484BAA293126BE0021B21B /* Sources */,
				95484BAB293126BE0021B21B /* Frameworks */,
				95484BAC293126BE0021B21B /* Resources */,
			);
			buildRules = (
			);
			dependencies = (
			);
			name = ChallengeAnimalUser;
			productName = ChallengeAnimalUser;
			productReference = 95484BAE293126BF0021B21B /* ChallengeAnimalUser.app */;
			productType = "com.apple.product-type.application";
		};
		95484BC3293126BF0021B21B /* ChallengeAnimalUserTests */ = {
			isa = PBXNativeTarget;
			buildConfigurationList = 95484BDB293126BF0021B21B /* Build configuration list for PBXNativeTarget "ChallengeAnimalUserTests" */;
			buildPhases = (
				95484BC0293126BF0021B21B /* Sources */,
				95484BC1293126BF0021B21B /* Frameworks */,
				95484BC2293126BF0021B21B /* Resources */,
			);
			buildRules = (
			);
			dependencies = (
				95484BC6293126BF0021B21B /* PBXTargetDependency */,
			);
			name = ChallengeAnimalUserTests;
			productName = ChallengeAnimalUserTests;
			productReference = 95484BC4293126BF0021B21B /* ChallengeAnimalUserTests.xctest */;
			productType = "com.apple.product-type.bundle.unit-test";
		};
		95484BCD293126BF0021B21B /* ChallengeAnimalUserUITests */ = {
			isa = PBXNativeTarget;
			buildConfigurationList = 95484BDE293126BF0021B21B /* Build configuration list for PBXNativeTarget "ChallengeAnimalUserUITests" */;
			buildPhases = (
				95484BCA293126BF0021B21B /* Sources */,
				95484BCB293126BF0021B21B /* Frameworks */,
				95484BCC293126BF0021B21B /* Resources */,
			);
			buildRules = (
			);
			dependencies = (
				95484BD0293126BF0021B21B /* PBXTargetDependency */,
			);
			name = ChallengeAnimalUserUITests;
			productName = ChallengeAnimalUserUITests;
			productReference = 95484BCE293126BF0021B21B /* ChallengeAnimalUserUITests.xctest */;
			productType = "com.apple.product-type.bundle.ui-testing";
		};
/* End PBXNativeTarget section */

/* Begin PBXProject section */
		95484BA6293126BE0021B21B /* Project object */ = {
			isa = PBXProject;
			attributes = {
				BuildIndependentTargetsInParallel = 1;
				LastSwiftUpdateCheck = 1410;
				LastUpgradeCheck = 1410;
				TargetAttributes = {
					95484BAD293126BE0021B21B = {
						CreatedOnToolsVersion = 14.1;
					};
					95484BC3293126BF0021B21B = {
						CreatedOnToolsVersion = 14.1;
						TestTargetID = 95484BAD293126BE0021B21B;
					};
					95484BCD293126BF0021B21B = {
						CreatedOnToolsVersion = 14.1;
						TestTargetID = 95484BAD293126BE0021B21B;
					};
				};
			};
			buildConfigurationList = 95484BA9293126BE0021B21B /* Build configuration list for PBXProject "ChallengeAnimalUser" */;
			compatibilityVersion = "Xcode 14.0";
			developmentRegion = en;
			hasScannedForEncodings = 0;
			knownRegions = (
				en,
				Base,
			);
			mainGroup = 95484BA5293126BE0021B21B;
			productRefGroup = 95484BAF293126BF0021B21B /* Products */;
			projectDirPath = "";
			projectRoot = "";
			targets = (
				95484BAD293126BE0021B21B /* ChallengeAnimalUser */,
				95484BC3293126BF0021B21B /* ChallengeAnimalUserTests */,
				95484BCD293126BF0021B21B /* ChallengeAnimalUserUITests */,
			);
		};
/* End PBXProject section */

/* Begin PBXResourcesBuildPhase section */
		95484BAC293126BE0021B21B /* Resources */ = {
			isa = PBXResourcesBuildPhase;
			buildActionMask = 2147483647;
			files = (
				95484BBE293126BF0021B21B /* LaunchScreen.storyboard in Resources */,
				95484BBB293126BF0021B21B /* Assets.xcassets in Resources */,
			);
			runOnlyForDeploymentPostprocessing = 0;
		};
		95484BC2293126BF0021B21B /* Resources */ = {
			isa = PBXResourcesBuildPhase;
			buildActionMask = 2147483647;
			files = (
			);
			runOnlyForDeploymentPostprocessing = 0;
		};
		95484BCC293126BF0021B21B /* Resources */ = {
			isa = PBXResourcesBuildPhase;
			buildActionMask = 2147483647;
			files = (
			);
			runOnlyForDeploymentPostprocessing = 0;
		};
/* End PBXResourcesBuildPhase section */

/* Begin PBXSourcesBuildPhase section */
		95484BAA293126BE0021B21B /* Sources */ = {
			isa = PBXSourcesBuildPhase;
			buildActionMask = 2147483647;
			files = (
				95484BB6293126BF0021B21B /* ViewController.swift in Sources */,
				95484BB2293126BF0021B21B /* AppDelegate.swift in Sources */,
				95484BB4293126BF0021B21B /* SceneDelegate.swift in Sources */,
			);
			runOnlyForDeploymentPostprocessing = 0;
		};
		95484BC0293126BF0021B21B /* Sources */ = {
			isa = PBXSourcesBuildPhase;
			buildActionMask = 2147483647;
			files = (
				95484BC9293126BF0021B21B /* ChallengeAnimalUserTests.swift in Sources */,
			);
			runOnlyForDeploymentPostprocessing = 0;
		};
		95484BCA293126BF0021B21B /* Sources */ = {
			isa = PBXSourcesBuildPhase;
			buildActionMask = 2147483647;
			files = (
				95484BD3293126BF0021B21B /* ChallengeAnimalUserUITests.swift in Sources */,
				95484BD5293126BF0021B21B /* ChallengeAnimalUserUITestsLaunchTests.swift in Sources */,
			);
			runOnlyForDeploymentPostprocessing = 0;
		};
/* End PBXSourcesBuildPhase section */

/* Begin PBXTargetDependency section */
		95484BC6293126BF0021B21B /* PBXTargetDependency */ = {
			isa = PBXTargetDependency;
			target = 95484BAD293126BE0021B21B /* ChallengeAnimalUser */;
			targetProxy = 95484BC5293126BF0021B21B /* PBXContainerItemProxy */;
		};
		95484BD0293126BF0021B21B /* PBXTargetDependency */ = {
			isa = PBXTargetDependency;
			target = 95484BAD293126BE0021B21B /* ChallengeAnimalUser */;
			targetProxy = 95484BCF293126BF0021B21B /* PBXContainerItemProxy */;
		};
/* End PBXTargetDependency section */

/* Begin PBXVariantGroup section */
		95484BBC293126BF0021B21B /* LaunchScreen.storyboard */ = {
			isa = PBXVariantGroup;
			children = (
				95484BBD293126BF0021B21B /* Base */,
			);
			name = LaunchScreen.storyboard;
			sourceTree = "<group>";
		};
/* End PBXVariantGroup section */

/* Begin XCBuildConfiguration section */
		95484BD6293126BF0021B21B /* Debug */ = {
			isa = XCBuildConfiguration;
			buildSettings = {
				ALWAYS_SEARCH_USER_PATHS = NO;
				CLANG_ANALYZER_NONNULL = YES;
				CLANG_ANALYZER_NUMBER_OBJECT_CONVERSION = YES_AGGRESSIVE;
				CLANG_CXX_LANGUAGE_STANDARD = "gnu++20";
				CLANG_ENABLE_MODULES = YES;
				CLANG_ENABLE_OBJC_ARC = YES;
				CLANG_ENABLE_OBJC_WEAK = YES;
				CLANG_WARN_BLOCK_CAPTURE_AUTORELEASING = YES;
				CLANG_WARN_BOOL_CONVERSION = YES;
				CLANG_WARN_COMMA = YES;
				CLANG_WARN_CONSTANT_CONVERSION = YES;
				CLANG_WARN_DEPRECATED_OBJC_IMPLEMENTATIONS = YES;
				CLANG_WARN_DIRECT_OBJC_ISA_USAGE = YES_ERROR;
				CLANG_WARN_DOCUMENTATION_COMMENTS = YES;
				CLANG_WARN_EMPTY_BODY = YES;
				CLANG_WARN_ENUM_CONVERSION = YES;
				CLANG_WARN_INFINITE_RECURSION = YES;
				CLANG_WARN_INT_CONVERSION = YES;
				CLANG_WARN_NON_LITERAL_NULL_CONVERSION = YES;
				CLANG_WARN_OBJC_IMPLICIT_RETAIN_SELF = YES;
				CLANG_WARN_OBJC_LITERAL_CONVERSION = YES;
				CLANG_WARN_OBJC_ROOT_CLASS = YES_ERROR;
				CLANG_WARN_QUOTED_INCLUDE_IN_FRAMEWORK_HEADER = YES;
				CLANG_WARN_RANGE_LOOP_ANALYSIS = YES;
				CLANG_WARN_STRICT_PROTOTYPES = YES;
				CLANG_WARN_SUSPICIOUS_MOVE = YES;
				CLANG_WARN_UNGUARDED_AVAILABILITY = YES_AGGRESSIVE;
				CLANG_WARN_UNREACHABLE_CODE = YES;
				CLANG_WARN__DUPLICATE_METHOD_MATCH = YES;
				COPY_PHASE_STRIP = NO;
				DEBUG_INFORMATION_FORMAT = dwarf;
				ENABLE_STRICT_OBJC_MSGSEND = YES;
				ENABLE_TESTABILITY = YES;
				GCC_C_LANGUAGE_STANDARD = gnu11;
				GCC_DYNAMIC_NO_PIC = NO;
				GCC_NO_COMMON_BLOCKS = YES;
				GCC_OPTIMIZATION_LEVEL = 0;
				GCC_PREPROCESSOR_DEFINITIONS = (
					"DEBUG=1",
					"$(inherited)",
				);
				GCC_WARN_64_TO_32_BIT_CONVERSION = YES;
				GCC_WARN_ABOUT_RETURN_TYPE = YES_ERROR;
				GCC_WARN_UNDECLARED_SELECTOR = YES;
				GCC_WARN_UNINITIALIZED_AUTOS = YES_AGGRESSIVE;
				GCC_WARN_UNUSED_FUNCTION = YES;
				GCC_WARN_UNUSED_VARIABLE = YES;
				IPHONEOS_DEPLOYMENT_TARGET = 16.1;
				MTL_ENABLE_DEBUG_INFO = INCLUDE_SOURCE;
				MTL_FAST_MATH = YES;
				ONLY_ACTIVE_ARCH = YES;
				SDKROOT = iphoneos;
				SWIFT_ACTIVE_COMPILATION_CONDITIONS = DEBUG;
				SWIFT_OPTIMIZATION_LEVEL = "-Onone";
			};
			name = Debug;
		};
		95484BD7293126BF0021B21B /* Release */ = {
			isa = XCBuildConfiguration;
			buildSettings = {
				ALWAYS_SEARCH_USER_PATHS = NO;
				CLANG_ANALYZER_NONNULL = YES;
				CLANG_ANALYZER_NUMBER_OBJECT_CONVERSION = YES_AGGRESSIVE;
				CLANG_CXX_LANGUAGE_STANDARD = "gnu++20";
				CLANG_ENABLE_MODULES = YES;
				CLANG_ENABLE_OBJC_ARC = YES;
				CLANG_ENABLE_OBJC_WEAK = YES;
				CLANG_WARN_BLOCK_CAPTURE_AUTORELEASING = YES;
				CLANG_WARN_BOOL_CONVERSION = YES;
				CLANG_WARN_COMMA = YES;
				CLANG_WARN_CONSTANT_CONVERSION = YES;
				CLANG_WARN_DEPRECATED_OBJC_IMPLEMENTATIONS = YES;
				CLANG_WARN_DIRECT_OBJC_ISA_USAGE = YES_ERROR;
				CLANG_WARN_DOCUMENTATION_COMMENTS = YES;
				CLANG_WARN_EMPTY_BODY = YES;
				CLANG_WARN_ENUM_CONVERSION = YES;
				CLANG_WARN_INFINITE_RECURSION = YES;
				CLANG_WARN_INT_CONVERSION = YES;
				CLANG_WARN_NON_LITERAL_NULL_CONVERSION = YES;
				CLANG_WARN_OBJC_IMPLICIT_RETAIN_SELF = YES;
				CLANG_WARN_OBJC_LITERAL_CONVERSION = YES;
				CLANG_WARN_OBJC_ROOT_CLASS = YES_ERROR;
				CLANG_WARN_QUOTED_INCLUDE_IN_FRAMEWORK_HEADER = YES;
				CLANG_WARN_RANGE_LOOP_ANALYSIS = YES;
				CLANG_WARN_STRICT_PROTOTYPES = YES;
				CLANG_WARN_SUSPICIOUS_MOVE = YES;
				CLANG_WARN_UNGUARDED_AVAILABILITY = YES_AGGRESSIVE;
				CLANG_WARN_UNREACHABLE_CODE = YES;
				CLANG_WARN__DUPLICATE_METHOD_MATCH = YES;
				COPY_PHASE_STRIP = NO;
				DEBUG_INFORMATION_FORMAT = "dwarf-with-dsym";
				ENABLE_NS_ASSERTIONS = NO;
				ENABLE_STRICT_OBJC_MSGSEND = YES;
				GCC_C_LANGUAGE_STANDARD = gnu11;
				GCC_NO_COMMON_BLOCKS = YES;
				GCC_WARN_64_TO_32_BIT_CONVERSION = YES;
				GCC_WARN_ABOUT_RETURN_TYPE = YES_ERROR;
				GCC_WARN_UNDECLARED_SELECTOR = YES;
				GCC_WARN_UNINITIALIZED_AUTOS = YES_AGGRESSIVE;
				GCC_WARN_UNUSED_FUNCTION = YES;
				GCC_WARN_UNUSED_VARIABLE = YES;
				IPHONEOS_DEPLOYMENT_TARGET = 16.1;
				MTL_ENABLE_DEBUG_INFO = NO;
				MTL_FAST_MATH = YES;
				SDKROOT = iphoneos;
				SWIFT_COMPILATION_MODE = wholemodule;
				SWIFT_OPTIMIZATION_LEVEL = "-O";
				VALIDATE_PRODUCT = YES;
			};
			name = Release;
		};
		95484BD9293126BF0021B21B /* Debug */ = {
			isa = XCBuildConfiguration;
			buildSettings = {
				ASSETCATALOG_COMPILER_APPICON_NAME = AppIcon;
				ASSETCATALOG_COMPILER_GLOBAL_ACCENT_COLOR_NAME = AccentColor;
				CODE_SIGN_STYLE = Automatic;
				CURRENT_PROJECT_VERSION = 1;
				DEVELOPMENT_TEAM = 35GM6XG62S;
				GENERATE_INFOPLIST_FILE = YES;
				INFOPLIST_FILE = ChallengeAnimalUser/Info.plist;
				INFOPLIST_KEY_UIApplicationSupportsIndirectInputEvents = YES;
				INFOPLIST_KEY_UILaunchStoryboardName = LaunchScreen;
				INFOPLIST_KEY_UIMainStoryboardFile = Main;
				INFOPLIST_KEY_UISupportedInterfaceOrientations_iPad = "UIInterfaceOrientationPortrait UIInterfaceOrientationPortraitUpsideDown UIInterfaceOrientationLandscapeLeft UIInterfaceOrientationLandscapeRight";
				INFOPLIST_KEY_UISupportedInterfaceOrientations_iPhone = "UIInterfaceOrientationPortrait UIInterfaceOrientationLandscapeLeft UIInterfaceOrientationLandscapeRight";
				LD_RUNPATH_SEARCH_PATHS = (
					"$(inherited)",
					"@executable_path/Frameworks",
				);
				MARKETING_VERSION = 1.0;
				PRODUCT_BUNDLE_IDENTIFIER = Academy.ChallengeAnimalUser;
				PRODUCT_NAME = "$(TARGET_NAME)";
				SWIFT_EMIT_LOC_STRINGS = YES;
				SWIFT_VERSION = 5.0;
				TARGETED_DEVICE_FAMILY = "1,2";
			};
			name = Debug;
		};
		95484BDA293126BF0021B21B /* Release */ = {
			isa = XCBuildConfiguration;
			buildSettings = {
				ASSETCATALOG_COMPILER_APPICON_NAME = AppIcon;
				ASSETCATALOG_COMPILER_GLOBAL_ACCENT_COLOR_NAME = AccentColor;
				CODE_SIGN_STYLE = Automatic;
				CURRENT_PROJECT_VERSION = 1;
				DEVELOPMENT_TEAM = 35GM6XG62S;
				GENERATE_INFOPLIST_FILE = YES;
				INFOPLIST_FILE = ChallengeAnimalUser/Info.plist;
				INFOPLIST_KEY_UIApplicationSupportsIndirectInputEvents = YES;
				INFOPLIST_KEY_UILaunchStoryboardName = LaunchScreen;
				INFOPLIST_KEY_UIMainStoryboardFile = Main;
				INFOPLIST_KEY_UISupportedInterfaceOrientations_iPad = "UIInterfaceOrientationPortrait UIInterfaceOrientationPortraitUpsideDown UIInterfaceOrientationLandscapeLeft UIInterfaceOrientationLandscapeRight";
				INFOPLIST_KEY_UISupportedInterfaceOrientations_iPhone = "UIInterfaceOrientationPortrait UIInterfaceOrientationLandscapeLeft UIInterfaceOrientationLandscapeRight";
				LD_RUNPATH_SEARCH_PATHS = (
					"$(inherited)",
					"@executable_path/Frameworks",
				);
				MARKETING_VERSION = 1.0;
				PRODUCT_BUNDLE_IDENTIFIER = Academy.ChallengeAnimalUser;
				PRODUCT_NAME = "$(TARGET_NAME)";
				SWIFT_EMIT_LOC_STRINGS = YES;
				SWIFT_VERSION = 5.0;
				TARGETED_DEVICE_FAMILY = "1,2";
			};
			name = Release;
		};
		95484BDC293126BF0021B21B /* Debug */ = {
			isa = XCBuildConfiguration;
			buildSettings = {
				ALWAYS_EMBED_SWIFT_STANDARD_LIBRARIES = YES;
				BUNDLE_LOADER = "$(TEST_HOST)";
				CODE_SIGN_STYLE = Automatic;
				CURRENT_PROJECT_VERSION = 1;
				DEVELOPMENT_TEAM = 35GM6XG62S;
				GENERATE_INFOPLIST_FILE = YES;
				IPHONEOS_DEPLOYMENT_TARGET = 16.1;
				MARKETING_VERSION = 1.0;
				PRODUCT_BUNDLE_IDENTIFIER = Academy.ChallengeAnimalUserTests;
				PRODUCT_NAME = "$(TARGET_NAME)";
				SWIFT_EMIT_LOC_STRINGS = NO;
				SWIFT_VERSION = 5.0;
				TARGETED_DEVICE_FAMILY = "1,2";
				TEST_HOST = "$(BUILT_PRODUCTS_DIR)/ChallengeAnimalUser.app/$(BUNDLE_EXECUTABLE_FOLDER_PATH)/ChallengeAnimalUser";
			};
			name = Debug;
		};
		95484BDD293126BF0021B21B /* Release */ = {
			isa = XCBuildConfiguration;
			buildSettings = {
				ALWAYS_EMBED_SWIFT_STANDARD_LIBRARIES = YES;
				BUNDLE_LOADER = "$(TEST_HOST)";
				CODE_SIGN_STYLE = Automatic;
				CURRENT_PROJECT_VERSION = 1;
				DEVELOPMENT_TEAM = 35GM6XG62S;
				GENERATE_INFOPLIST_FILE = YES;
				IPHONEOS_DEPLOYMENT_TARGET = 16.1;
				MARKETING_VERSION = 1.0;
				PRODUCT_BUNDLE_IDENTIFIER = Academy.ChallengeAnimalUserTests;
				PRODUCT_NAME = "$(TARGET_NAME)";
				SWIFT_EMIT_LOC_STRINGS = NO;
				SWIFT_VERSION = 5.0;
				TARGETED_DEVICE_FAMILY = "1,2";
				TEST_HOST = "$(BUILT_PRODUCTS_DIR)/ChallengeAnimalUser.app/$(BUNDLE_EXECUTABLE_FOLDER_PATH)/ChallengeAnimalUser";
			};
			name = Release;
		};
		95484BDF293126BF0021B21B /* Debug */ = {
			isa = XCBuildConfiguration;
			buildSettings = {
				ALWAYS_EMBED_SWIFT_STANDARD_LIBRARIES = YES;
				CODE_SIGN_STYLE = Automatic;
				CURRENT_PROJECT_VERSION = 1;
				DEVELOPMENT_TEAM = 35GM6XG62S;
				GENERATE_INFOPLIST_FILE = YES;
				MARKETING_VERSION = 1.0;
				PRODUCT_BUNDLE_IDENTIFIER = Academy.ChallengeAnimalUserUITests;
				PRODUCT_NAME = "$(TARGET_NAME)";
				SWIFT_EMIT_LOC_STRINGS = NO;
				SWIFT_VERSION = 5.0;
				TARGETED_DEVICE_FAMILY = "1,2";
				TEST_TARGET_NAME = ChallengeAnimalUser;
			};
			name = Debug;
		};
		95484BE0293126BF0021B21B /* Release */ = {
			isa = XCBuildConfiguration;
			buildSettings = {
				ALWAYS_EMBED_SWIFT_STANDARD_LIBRARIES = YES;
				CODE_SIGN_STYLE = Automatic;
				CURRENT_PROJECT_VERSION = 1;
				DEVELOPMENT_TEAM = 35GM6XG62S;
				GENERATE_INFOPLIST_FILE = YES;
				MARKETING_VERSION = 1.0;
				PRODUCT_BUNDLE_IDENTIFIER = Academy.ChallengeAnimalUserUITests;
				PRODUCT_NAME = "$(TARGET_NAME)";
				SWIFT_EMIT_LOC_STRINGS = NO;
				SWIFT_VERSION = 5.0;
				TARGETED_DEVICE_FAMILY = "1,2";
				TEST_TARGET_NAME = ChallengeAnimalUser;
			};
			name = Release;
		};
/* End XCBuildConfiguration section */

/* Begin XCConfigurationList section */
		95484BA9293126BE0021B21B /* Build configuration list for PBXProject "ChallengeAnimalUser" */ = {
			isa = XCConfigurationList;
			buildConfigurations = (
				95484BD6293126BF0021B21B /* Debug */,
				95484BD7293126BF0021B21B /* Release */,
			);
			defaultConfigurationIsVisible = 0;
			defaultConfigurationName = Release;
		};
		95484BD8293126BF0021B21B /* Build configuration list for PBXNativeTarget "ChallengeAnimalUser" */ = {
			isa = XCConfigurationList;
			buildConfigurations = (
				95484BD9293126BF0021B21B /* Debug */,
				95484BDA293126BF0021B21B /* Release */,
			);
			defaultConfigurationIsVisible = 0;
			defaultConfigurationName = Release;
		};
		95484BDB293126BF0021B21B /* Build configuration list for PBXNativeTarget "ChallengeAnimalUserTests" */ = {
			isa = XCConfigurationList;
			buildConfigurations = (
				95484BDC293126BF0021B21B /* Debug */,
				95484BDD293126BF0021B21B /* Release */,
			);
			defaultConfigurationIsVisible = 0;
			defaultConfigurationName = Release;
		};
		95484BDE293126BF0021B21B /* Build configuration list for PBXNativeTarget "ChallengeAnimalUserUITests" */ = {
			isa = XCConfigurationList;
			buildConfigurations = (
				95484BDF293126BF0021B21B /* Debug */,
				95484BE0293126BF0021B21B /* Release */,
			);
			defaultConfigurationIsVisible = 0;
			defaultConfigurationName = Release;
		};
/* End XCConfigurationList section */
	};
	rootObject = 95484BA6293126BE0021B21B /* Project object */;
}
