// !$*UTF8*$!
{
	archiveVersion = 1;
	classes = {
	};
	objectVersion = 56;
	objects = {

/* Begin PBXBuildFile section */
		8505B3A9293648A10032BAC9 /* ShelterTableViewCell.swift in Sources */ = {isa = PBXBuildFile; fileRef = 8505B3A8293648A10032BAC9 /* ShelterTableViewCell.swift */; };
		8505B3AB293648BC0032BAC9 /* ViewCoding.swift in Sources */ = {isa = PBXBuildFile; fileRef = 8505B3AA293648BC0032BAC9 /* ViewCoding.swift */; };
		852A026129366D8200C4B7D0 /* CKAsset+.swift in Sources */ = {isa = PBXBuildFile; fileRef = 852A026029366D8200C4B7D0 /* CKAsset+.swift */; };
		852A02632936BEBD00C4B7D0 /* UIImageView+.swift in Sources */ = {isa = PBXBuildFile; fileRef = 852A02622936BEBD00C4B7D0 /* UIImageView+.swift */; };
		852A026A2936C37D00C4B7D0 /* SDWebImage in Frameworks */ = {isa = PBXBuildFile; productRef = 852A02692936C37D00C4B7D0 /* SDWebImage */; };
		852A026C2936C37D00C4B7D0 /* SDWebImageMapKit in Frameworks */ = {isa = PBXBuildFile; productRef = 852A026B2936C37D00C4B7D0 /* SDWebImageMapKit */; };
		9547E65429338ABD0074C4D9 /* configStencil in Resources */ = {isa = PBXBuildFile; fileRef = 9547E65329338ABD0074C4D9 /* configStencil */; };
		95484BB2293126BF0021B21B /* AppDelegate.swift in Sources */ = {isa = PBXBuildFile; fileRef = 95484BB1293126BF0021B21B /* AppDelegate.swift */; };
		95484BB4293126BF0021B21B /* SceneDelegate.swift in Sources */ = {isa = PBXBuildFile; fileRef = 95484BB3293126BF0021B21B /* SceneDelegate.swift */; };
		95484BB6293126BF0021B21B /* ShelterViewController.swift in Sources */ = {isa = PBXBuildFile; fileRef = 95484BB5293126BF0021B21B /* ShelterViewController.swift */; };
		95484BBB293126BF0021B21B /* Assets.xcassets in Resources */ = {isa = PBXBuildFile; fileRef = 95484BBA293126BF0021B21B /* Assets.xcassets */; };
		95484BBE293126BF0021B21B /* LaunchScreen.storyboard in Resources */ = {isa = PBXBuildFile; fileRef = 95484BBC293126BF0021B21B /* LaunchScreen.storyboard */; };
		95484BFC2931A8BB0021B21B /* ChallengeAnimalUserTests.swift in Sources */ = {isa = PBXBuildFile; fileRef = 95484BFB2931A8BB0021B21B /* ChallengeAnimalUserTests.swift */; };
		95E5C0472934351F006880A4 /* ObservableObject.swift in Sources */ = {isa = PBXBuildFile; fileRef = 95E5C0462934351F006880A4 /* ObservableObject.swift */; };
		95E5C0492934DA4E006880A4 /* ICloudRepository.swift in Sources */ = {isa = PBXBuildFile; fileRef = 95E5C0482934DA4E006880A4 /* ICloudRepository.swift */; };
		95E5C04B29356F0B006880A4 /* PetView.swift in Sources */ = {isa = PBXBuildFile; fileRef = 95E5C04A29356F0B006880A4 /* PetView.swift */; };
		95E5C05029357555006880A4 /* PetViewController.swift in Sources */ = {isa = PBXBuildFile; fileRef = 95E5C04F29357555006880A4 /* PetViewController.swift */; };
		95E5C052293575AC006880A4 /* PetViewModel.swift in Sources */ = {isa = PBXBuildFile; fileRef = 95E5C051293575AC006880A4 /* PetViewModel.swift */; };
		95FBA37D29339D0C0071F130 /* SheltersView.swift in Sources */ = {isa = PBXBuildFile; fileRef = 95FBA37C29339D0C0071F130 /* SheltersView.swift */; };
		95FBA37F2933B7CE0071F130 /* ShelterViewModel.swift in Sources */ = {isa = PBXBuildFile; fileRef = 95FBA37E2933B7CE0071F130 /* ShelterViewModel.swift */; };
		95FBA3842933D2DA0071F130 /* ShelterModel.swift in Sources */ = {isa = PBXBuildFile; fileRef = 95FBA3832933D2DA0071F130 /* ShelterModel.swift */; };
		95FBA3862933FA860071F130 /* RecordsNamesEnum.swift in Sources */ = {isa = PBXBuildFile; fileRef = 95FBA3852933FA860071F130 /* RecordsNamesEnum.swift */; };
		FEAE05072938E22600F2A496 /* TextFieldTableViewCell.swift in Sources */ = {isa = PBXBuildFile; fileRef = FEAE05062938E22600F2A496 /* TextFieldTableViewCell.swift */; };
		FEAE05092938E2F800F2A496 /* ImageTableViewCell.swift in Sources */ = {isa = PBXBuildFile; fileRef = FEAE05082938E2F800F2A496 /* ImageTableViewCell.swift */; };
		FEAE050B2938E41200F2A496 /* HeaderTableView.swift in Sources */ = {isa = PBXBuildFile; fileRef = FEAE050A2938E41200F2A496 /* HeaderTableView.swift */; };
		FEAE050E2938E50E00F2A496 /* FooterTableView.swift in Sources */ = {isa = PBXBuildFile; fileRef = FEAE050D2938E50E00F2A496 /* FooterTableView.swift */; };
		FEAE05102938E64100F2A496 /* FormTableView.swift in Sources */ = {isa = PBXBuildFile; fileRef = FEAE050F2938E64100F2A496 /* FormTableView.swift */; };
		FEAE05142938E81D00F2A496 /* ModelFormTableViewController.swift in Sources */ = {isa = PBXBuildFile; fileRef = FEAE05132938E81D00F2A496 /* ModelFormTableViewController.swift */; };
		FEAE05162938E86B00F2A496 /* FormModel.swift in Sources */ = {isa = PBXBuildFile; fileRef = FEAE05152938E86B00F2A496 /* FormModel.swift */; };
		FEAE05182938E91700F2A496 /* ImagesFormTableViewController.swift in Sources */ = {isa = PBXBuildFile; fileRef = FEAE05172938E91700F2A496 /* ImagesFormTableViewController.swift */; };
		FEAE051B2938ED1000F2A496 /* FormViewModel.swift in Sources */ = {isa = PBXBuildFile; fileRef = FEAE051A2938ED1000F2A496 /* FormViewModel.swift */; };
		FEAE051D293A192500F2A496 /* TextFieldFormTableViewController.swift in Sources */ = {isa = PBXBuildFile; fileRef = FEAE051C293A192500F2A496 /* TextFieldFormTableViewController.swift */; };
/* End PBXBuildFile section */

/* Begin PBXContainerItemProxy section */
		95484BFD2931A8BB0021B21B /* PBXContainerItemProxy */ = {
			isa = PBXContainerItemProxy;
			containerPortal = 95484BA6293126BE0021B21B /* Project object */;
			proxyType = 1;
			remoteGlobalIDString = 95484BAD293126BE0021B21B;
			remoteInfo = ChallengeAnimalUser;
		};
/* End PBXContainerItemProxy section */

/* Begin PBXFileReference section */
		8505B3A8293648A10032BAC9 /* ShelterTableViewCell.swift */ = {isa = PBXFileReference; lastKnownFileType = sourcecode.swift; path = ShelterTableViewCell.swift; sourceTree = "<group>"; };
		8505B3AA293648BC0032BAC9 /* ViewCoding.swift */ = {isa = PBXFileReference; lastKnownFileType = sourcecode.swift; path = ViewCoding.swift; sourceTree = "<group>"; };
		852A026029366D8200C4B7D0 /* CKAsset+.swift */ = {isa = PBXFileReference; lastKnownFileType = sourcecode.swift; path = "CKAsset+.swift"; sourceTree = "<group>"; };
		852A02622936BEBD00C4B7D0 /* UIImageView+.swift */ = {isa = PBXFileReference; lastKnownFileType = sourcecode.swift; path = "UIImageView+.swift"; sourceTree = "<group>"; };
		9547E65329338ABD0074C4D9 /* configStencil */ = {isa = PBXFileReference; lastKnownFileType = folder; path = configStencil; sourceTree = "<group>"; };
		9547E65829338AD90074C4D9 /* autoViewConstraints.stencil */ = {isa = PBXFileReference; lastKnownFileType = text; path = autoViewConstraints.stencil; sourceTree = "<group>"; };
		9547E65929338AD90074C4D9 /* autoEquatable.stencil */ = {isa = PBXFileReference; lastKnownFileType = text; path = autoEquatable.stencil; sourceTree = "<group>"; };
		95484BAE293126BF0021B21B /* ChallengeAnimalUser.app */ = {isa = PBXFileReference; explicitFileType = wrapper.application; includeInIndex = 0; path = ChallengeAnimalUser.app; sourceTree = BUILT_PRODUCTS_DIR; };
		95484BB1293126BF0021B21B /* AppDelegate.swift */ = {isa = PBXFileReference; lastKnownFileType = sourcecode.swift; path = AppDelegate.swift; sourceTree = "<group>"; };
		95484BB3293126BF0021B21B /* SceneDelegate.swift */ = {isa = PBXFileReference; lastKnownFileType = sourcecode.swift; path = SceneDelegate.swift; sourceTree = "<group>"; };
		95484BB5293126BF0021B21B /* ShelterViewController.swift */ = {isa = PBXFileReference; lastKnownFileType = sourcecode.swift; path = ShelterViewController.swift; sourceTree = "<group>"; };
		95484BBA293126BF0021B21B /* Assets.xcassets */ = {isa = PBXFileReference; lastKnownFileType = folder.assetcatalog; path = Assets.xcassets; sourceTree = "<group>"; };
		95484BBD293126BF0021B21B /* Base */ = {isa = PBXFileReference; lastKnownFileType = file.storyboard; name = Base; path = Base.lproj/LaunchScreen.storyboard; sourceTree = "<group>"; };
		95484BBF293126BF0021B21B /* Info.plist */ = {isa = PBXFileReference; lastKnownFileType = text.plist.xml; path = Info.plist; sourceTree = "<group>"; };
		95484BE129312D950021B21B /* ChallengeAnimalUser.entitlements */ = {isa = PBXFileReference; lastKnownFileType = text.plist.entitlements; path = ChallengeAnimalUser.entitlements; sourceTree = "<group>"; };
		95484BF92931A8BB0021B21B /* ChallengeAnimalUserTests.xctest */ = {isa = PBXFileReference; explicitFileType = wrapper.cfbundle; includeInIndex = 0; path = ChallengeAnimalUserTests.xctest; sourceTree = BUILT_PRODUCTS_DIR; };
		95484BFB2931A8BB0021B21B /* ChallengeAnimalUserTests.swift */ = {isa = PBXFileReference; lastKnownFileType = sourcecode.swift; path = ChallengeAnimalUserTests.swift; sourceTree = "<group>"; };
		95E5C0462934351F006880A4 /* ObservableObject.swift */ = {isa = PBXFileReference; lastKnownFileType = sourcecode.swift; path = ObservableObject.swift; sourceTree = "<group>"; };
		95E5C0482934DA4E006880A4 /* ICloudRepository.swift */ = {isa = PBXFileReference; lastKnownFileType = sourcecode.swift; path = ICloudRepository.swift; sourceTree = "<group>"; };
		95E5C04A29356F0B006880A4 /* PetView.swift */ = {isa = PBXFileReference; lastKnownFileType = sourcecode.swift; path = PetView.swift; sourceTree = "<group>"; };
		95E5C04F29357555006880A4 /* PetViewController.swift */ = {isa = PBXFileReference; lastKnownFileType = sourcecode.swift; path = PetViewController.swift; sourceTree = "<group>"; };
		95E5C051293575AC006880A4 /* PetViewModel.swift */ = {isa = PBXFileReference; lastKnownFileType = sourcecode.swift; path = PetViewModel.swift; sourceTree = "<group>"; };
		95FBA37C29339D0C0071F130 /* SheltersView.swift */ = {isa = PBXFileReference; lastKnownFileType = sourcecode.swift; path = SheltersView.swift; sourceTree = "<group>"; };
		95FBA37E2933B7CE0071F130 /* ShelterViewModel.swift */ = {isa = PBXFileReference; lastKnownFileType = sourcecode.swift; path = ShelterViewModel.swift; sourceTree = "<group>"; };
		95FBA3832933D2DA0071F130 /* ShelterModel.swift */ = {isa = PBXFileReference; lastKnownFileType = sourcecode.swift; path = ShelterModel.swift; sourceTree = "<group>"; };
		95FBA3852933FA860071F130 /* RecordsNamesEnum.swift */ = {isa = PBXFileReference; lastKnownFileType = sourcecode.swift; path = RecordsNamesEnum.swift; sourceTree = "<group>"; };
		FEAE05062938E22600F2A496 /* TextFieldTableViewCell.swift */ = {isa = PBXFileReference; lastKnownFileType = sourcecode.swift; path = TextFieldTableViewCell.swift; sourceTree = "<group>"; };
		FEAE05082938E2F800F2A496 /* ImageTableViewCell.swift */ = {isa = PBXFileReference; lastKnownFileType = sourcecode.swift; path = ImageTableViewCell.swift; sourceTree = "<group>"; };
		FEAE050A2938E41200F2A496 /* HeaderTableView.swift */ = {isa = PBXFileReference; lastKnownFileType = sourcecode.swift; path = HeaderTableView.swift; sourceTree = "<group>"; };
		FEAE050D2938E50E00F2A496 /* FooterTableView.swift */ = {isa = PBXFileReference; lastKnownFileType = sourcecode.swift; path = FooterTableView.swift; sourceTree = "<group>"; };
		FEAE050F2938E64100F2A496 /* FormTableView.swift */ = {isa = PBXFileReference; lastKnownFileType = sourcecode.swift; path = FormTableView.swift; sourceTree = "<group>"; };
		FEAE05132938E81D00F2A496 /* ModelFormTableViewController.swift */ = {isa = PBXFileReference; lastKnownFileType = sourcecode.swift; path = ModelFormTableViewController.swift; sourceTree = "<group>"; };
		FEAE05152938E86B00F2A496 /* FormModel.swift */ = {isa = PBXFileReference; lastKnownFileType = sourcecode.swift; path = FormModel.swift; sourceTree = "<group>"; };
		FEAE05172938E91700F2A496 /* ImagesFormTableViewController.swift */ = {isa = PBXFileReference; lastKnownFileType = sourcecode.swift; path = ImagesFormTableViewController.swift; sourceTree = "<group>"; };
		FEAE051A2938ED1000F2A496 /* FormViewModel.swift */ = {isa = PBXFileReference; lastKnownFileType = sourcecode.swift; path = FormViewModel.swift; sourceTree = "<group>"; };
		FEAE051C293A192500F2A496 /* TextFieldFormTableViewController.swift */ = {isa = PBXFileReference; lastKnownFileType = sourcecode.swift; path = TextFieldFormTableViewController.swift; sourceTree = "<group>"; };
/* End PBXFileReference section */

/* Begin PBXFrameworksBuildPhase section */
		95484BAB293126BE0021B21B /* Frameworks */ = {
			isa = PBXFrameworksBuildPhase;
			buildActionMask = 2147483647;
			files = (
				852A026C2936C37D00C4B7D0 /* SDWebImageMapKit in Frameworks */,
				852A026A2936C37D00C4B7D0 /* SDWebImage in Frameworks */,
			);
			runOnlyForDeploymentPostprocessing = 0;
		};
		95484BF62931A8BB0021B21B /* Frameworks */ = {
			isa = PBXFrameworksBuildPhase;
			buildActionMask = 2147483647;
			files = (
			);
			runOnlyForDeploymentPostprocessing = 0;
		};
/* End PBXFrameworksBuildPhase section */

/* Begin PBXGroup section */
		8505B39529362E180032BAC9 /* Data */ = {
			isa = PBXGroup;
			children = (
				8505B39929362E680032BAC9 /* Repository */,
			);
			path = Data;
			sourceTree = "<group>";
		};
		8505B39629362E200032BAC9 /* Domain */ = {
			isa = PBXGroup;
			children = (
				9547E651293387C20074C4D9 /* Model */,
			);
			path = Domain;
			sourceTree = "<group>";
		};
		8505B39729362E270032BAC9 /* Presentation */ = {
			isa = PBXGroup;
			children = (
				8505B39D29362EE20032BAC9 /* LaunchScreen */,
				FEAE05042938E1B500F2A496 /* Form */,
				8505B39829362E320032BAC9 /* Shelter */,
				8505B3A4293648320032BAC9 /* Pet */,
			);
			path = Presentation;
			sourceTree = "<group>";
		};
		8505B39829362E320032BAC9 /* Shelter */ = {
			isa = PBXGroup;
			children = (
				9547E64F293387AC0074C4D9 /* View */,
				95E5C04E293574E8006880A4 /* ViewController */,
				9547E650293387B30074C4D9 /* ViewModel */,
			);
			path = Shelter;
			sourceTree = "<group>";
		};
		8505B39929362E680032BAC9 /* Repository */ = {
			isa = PBXGroup;
			children = (
				95E5C0482934DA4E006880A4 /* ICloudRepository.swift */,
			);
			path = Repository;
			sourceTree = "<group>";
		};
		8505B39A29362EA60032BAC9 /* Application */ = {
			isa = PBXGroup;
			children = (
				95484BB3293126BF0021B21B /* SceneDelegate.swift */,
				95484BB1293126BF0021B21B /* AppDelegate.swift */,
			);
			path = Application;
			sourceTree = "<group>";
		};
		8505B39B29362EB50032BAC9 /* Resources */ = {
			isa = PBXGroup;
			children = (
				95484BBA293126BF0021B21B /* Assets.xcassets */,
			);
			path = Resources;
			sourceTree = "<group>";
		};
		8505B39C29362ECC0032BAC9 /* Utils */ = {
			isa = PBXGroup;
			children = (
				95E5C0462934351F006880A4 /* ObservableObject.swift */,
				8505B3AA293648BC0032BAC9 /* ViewCoding.swift */,
				852A026029366D8200C4B7D0 /* CKAsset+.swift */,
				852A02622936BEBD00C4B7D0 /* UIImageView+.swift */,
			);
			path = Utils;
			sourceTree = "<group>";
		};
		8505B39D29362EE20032BAC9 /* LaunchScreen */ = {
			isa = PBXGroup;
			children = (
				95484BBC293126BF0021B21B /* LaunchScreen.storyboard */,
			);
			path = LaunchScreen;
			sourceTree = "<group>";
		};
		8505B3A4293648320032BAC9 /* Pet */ = {
			isa = PBXGroup;
			children = (
				8505B3A52936483B0032BAC9 /* View */,
				8505B3A7293648480032BAC9 /* ViewController */,
				8505B3A6293648410032BAC9 /* ViewModel */,
			);
			path = Pet;
			sourceTree = "<group>";
		};
		8505B3A52936483B0032BAC9 /* View */ = {
			isa = PBXGroup;
			children = (
				95E5C04A29356F0B006880A4 /* PetView.swift */,
			);
			path = View;
			sourceTree = "<group>";
		};
		8505B3A6293648410032BAC9 /* ViewModel */ = {
			isa = PBXGroup;
			children = (
				95E5C051293575AC006880A4 /* PetViewModel.swift */,
			);
			path = ViewModel;
			sourceTree = "<group>";
		};
		8505B3A7293648480032BAC9 /* ViewController */ = {
			isa = PBXGroup;
			children = (
				95E5C04F29357555006880A4 /* PetViewController.swift */,
			);
			path = ViewController;
			sourceTree = "<group>";
		};
		9547E64F293387AC0074C4D9 /* View */ = {
			isa = PBXGroup;
			children = (
				95FBA37C29339D0C0071F130 /* SheltersView.swift */,
				8505B3A8293648A10032BAC9 /* ShelterTableViewCell.swift */,
			);
			path = View;
			sourceTree = "<group>";
		};
		9547E650293387B30074C4D9 /* ViewModel */ = {
			isa = PBXGroup;
			children = (
				95FBA37E2933B7CE0071F130 /* ShelterViewModel.swift */,
			);
			path = ViewModel;
			sourceTree = "<group>";
		};
		9547E651293387C20074C4D9 /* Model */ = {
			isa = PBXGroup;
			children = (
				95FBA3832933D2DA0071F130 /* ShelterModel.swift */,
				95FBA3852933FA860071F130 /* RecordsNamesEnum.swift */,
				FEAE05152938E86B00F2A496 /* FormModel.swift */,
			);
			path = Model;
			sourceTree = "<group>";
		};
		9547E65729338AD90074C4D9 /* FramesStencils */ = {
			isa = PBXGroup;
			children = (
				9547E65829338AD90074C4D9 /* autoViewConstraints.stencil */,
				9547E65929338AD90074C4D9 /* autoEquatable.stencil */,
			);
			path = FramesStencils;
			sourceTree = "<group>";
		};
		95484BA5293126BE0021B21B = {
			isa = PBXGroup;
			children = (
				95484BB0293126BF0021B21B /* ChallengeAnimalUser */,
				9547E65329338ABD0074C4D9 /* configStencil */,
				9547E65729338AD90074C4D9 /* FramesStencils */,
				95484BFA2931A8BB0021B21B /* ChallengeAnimalUserTests */,
				95484BAF293126BF0021B21B /* Products */,
			);
			sourceTree = "<group>";
		};
		95484BAF293126BF0021B21B /* Products */ = {
			isa = PBXGroup;
			children = (
				95484BAE293126BF0021B21B /* ChallengeAnimalUser.app */,
				95484BF92931A8BB0021B21B /* ChallengeAnimalUserTests.xctest */,
			);
			name = Products;
			sourceTree = "<group>";
		};
		95484BB0293126BF0021B21B /* ChallengeAnimalUser */ = {
			isa = PBXGroup;
			children = (
				95484BE129312D950021B21B /* ChallengeAnimalUser.entitlements */,
				8505B39B29362EB50032BAC9 /* Resources */,
				8505B39A29362EA60032BAC9 /* Application */,
				8505B39729362E270032BAC9 /* Presentation */,
				8505B39629362E200032BAC9 /* Domain */,
				8505B39529362E180032BAC9 /* Data */,
				8505B39C29362ECC0032BAC9 /* Utils */,
				95484BBF293126BF0021B21B /* Info.plist */,
			);
			path = ChallengeAnimalUser;
			sourceTree = "<group>";
		};
		95484BFA2931A8BB0021B21B /* ChallengeAnimalUserTests */ = {
			isa = PBXGroup;
			children = (
				95484BFB2931A8BB0021B21B /* ChallengeAnimalUserTests.swift */,
			);
			path = ChallengeAnimalUserTests;
			sourceTree = "<group>";
		};
		95E5C04E293574E8006880A4 /* ViewController */ = {
			isa = PBXGroup;
			children = (
				95484BB5293126BF0021B21B /* ShelterViewController.swift */,
			);
			path = ViewController;
			sourceTree = "<group>";
		};
		FEAE05042938E1B500F2A496 /* Form */ = {
			isa = PBXGroup;
			children = (
				FEAE050C2938E46500F2A496 /* View */,
				FEAE05112938E6BB00F2A496 /* ViewController */,
				FEAE05192938ECBB00F2A496 /* ViewModel */,
			);
			path = Form;
			sourceTree = "<group>";
		};
		FEAE05052938E1F400F2A496 /* Cell */ = {
			isa = PBXGroup;
			children = (
				FEAE05082938E2F800F2A496 /* ImageTableViewCell.swift */,
				FEAE05062938E22600F2A496 /* TextFieldTableViewCell.swift */,
			);
			path = Cell;
			sourceTree = "<group>";
		};
		FEAE050C2938E46500F2A496 /* View */ = {
			isa = PBXGroup;
			children = (
				FEAE05052938E1F400F2A496 /* Cell */,
				FEAE050A2938E41200F2A496 /* HeaderTableView.swift */,
				FEAE050D2938E50E00F2A496 /* FooterTableView.swift */,
				FEAE050F2938E64100F2A496 /* FormTableView.swift */,
			);
			path = View;
			sourceTree = "<group>";
		};
		FEAE05112938E6BB00F2A496 /* ViewController */ = {
			isa = PBXGroup;
			children = (
				FEAE05132938E81D00F2A496 /* ModelFormTableViewController.swift */,
				FEAE05172938E91700F2A496 /* ImagesFormTableViewController.swift */,
				FEAE051C293A192500F2A496 /* TextFieldFormTableViewController.swift */,
			);
			path = ViewController;
			sourceTree = "<group>";
		};
		FEAE05192938ECBB00F2A496 /* ViewModel */ = {
			isa = PBXGroup;
			children = (
				FEAE051A2938ED1000F2A496 /* FormViewModel.swift */,
			);
			path = ViewModel;
			sourceTree = "<group>";
		};
/* End PBXGroup section */

/* Begin PBXNativeTarget section */
		95484BAD293126BE0021B21B /* ChallengeAnimalUser */ = {
			isa = PBXNativeTarget;
			buildConfigurationList = 95484BD8293126BF0021B21B /* Build configuration list for PBXNativeTarget "ChallengeAnimalUser" */;
			buildPhases = (
				95484BAA293126BE0021B21B /* Sources */,
				95484BAB293126BE0021B21B /* Frameworks */,
				95484BAC293126BE0021B21B /* Resources */,
				9547E652293388820074C4D9 /* ShellScript */,
			);
			buildRules = (
			);
			dependencies = (
			);
			name = ChallengeAnimalUser;
			packageProductDependencies = (
				852A02692936C37D00C4B7D0 /* SDWebImage */,
				852A026B2936C37D00C4B7D0 /* SDWebImageMapKit */,
			);
			productName = ChallengeAnimalUser;
			productReference = 95484BAE293126BF0021B21B /* ChallengeAnimalUser.app */;
			productType = "com.apple.product-type.application";
		};
		95484BF82931A8BB0021B21B /* ChallengeAnimalUserTests */ = {
			isa = PBXNativeTarget;
			buildConfigurationList = 95484BFF2931A8BB0021B21B /* Build configuration list for PBXNativeTarget "ChallengeAnimalUserTests" */;
			buildPhases = (
				95484BF52931A8BB0021B21B /* Sources */,
				95484BF62931A8BB0021B21B /* Frameworks */,
				95484BF72931A8BB0021B21B /* Resources */,
			);
			buildRules = (
			);
			dependencies = (
				95484BFE2931A8BB0021B21B /* PBXTargetDependency */,
			);
			name = ChallengeAnimalUserTests;
			productName = ChallengeAnimalUserTests;
			productReference = 95484BF92931A8BB0021B21B /* ChallengeAnimalUserTests.xctest */;
			productType = "com.apple.product-type.bundle.unit-test";
		};
/* End PBXNativeTarget section */

/* Begin PBXProject section */
		95484BA6293126BE0021B21B /* Project object */ = {
			isa = PBXProject;
			attributes = {
				BuildIndependentTargetsInParallel = 1;
				LastSwiftUpdateCheck = 1410;
				LastUpgradeCheck = 1410;
				TargetAttributes = {
					95484BAD293126BE0021B21B = {
						CreatedOnToolsVersion = 14.1;
					};
					95484BF82931A8BB0021B21B = {
						CreatedOnToolsVersion = 14.1;
						TestTargetID = 95484BAD293126BE0021B21B;
					};
				};
			};
			buildConfigurationList = 95484BA9293126BE0021B21B /* Build configuration list for PBXProject "ChallengeAnimalUser" */;
			compatibilityVersion = "Xcode 14.0";
			developmentRegion = en;
			hasScannedForEncodings = 0;
			knownRegions = (
				en,
				Base,
			);
			mainGroup = 95484BA5293126BE0021B21B;
			packageReferences = (
				852A02682936C37D00C4B7D0 /* XCRemoteSwiftPackageReference "SDWebImage" */,
			);
			productRefGroup = 95484BAF293126BF0021B21B /* Products */;
			projectDirPath = "";
			projectRoot = "";
			targets = (
				95484BAD293126BE0021B21B /* ChallengeAnimalUser */,
				95484BF82931A8BB0021B21B /* ChallengeAnimalUserTests */,
			);
		};
/* End PBXProject section */

/* Begin PBXResourcesBuildPhase section */
		95484BAC293126BE0021B21B /* Resources */ = {
			isa = PBXResourcesBuildPhase;
			buildActionMask = 2147483647;
			files = (
				95484BBE293126BF0021B21B /* LaunchScreen.storyboard in Resources */,
				9547E65429338ABD0074C4D9 /* configStencil in Resources */,
				95484BBB293126BF0021B21B /* Assets.xcassets in Resources */,
			);
			runOnlyForDeploymentPostprocessing = 0;
		};
		95484BF72931A8BB0021B21B /* Resources */ = {
			isa = PBXResourcesBuildPhase;
			buildActionMask = 2147483647;
			files = (
			);
			runOnlyForDeploymentPostprocessing = 0;
		};
/* End PBXResourcesBuildPhase section */

/* Begin PBXShellScriptBuildPhase section */
		9547E652293388820074C4D9 /* ShellScript */ = {
			isa = PBXShellScriptBuildPhase;
			buildActionMask = 2147483647;
			files = (
			);
			inputFileListPaths = (
			);
			inputPaths = (
			);
			outputFileListPaths = (
			);
			outputPaths = (
			);
			runOnlyForDeploymentPostprocessing = 0;
			shellPath = /bin/sh;
			shellScript = "export PATH=\"$PATH:/opt/homebrew/bin\"\nif which swiftlint > /dev/null; then\n  swiftlint\nelse\n  echo \"warning: SwiftLint not installed, download from https://github.com/realm/SwiftLint\"\nfi\n";
		};
/* End PBXShellScriptBuildPhase section */

/* Begin PBXSourcesBuildPhase section */
		95484BAA293126BE0021B21B /* Sources */ = {
			isa = PBXSourcesBuildPhase;
			buildActionMask = 2147483647;
			files = (
				FEAE05072938E22600F2A496 /* TextFieldTableViewCell.swift in Sources */,
				95FBA37F2933B7CE0071F130 /* ShelterViewModel.swift in Sources */,
				FEAE05102938E64100F2A496 /* FormTableView.swift in Sources */,
				FEAE051D293A192500F2A496 /* TextFieldFormTableViewController.swift in Sources */,
				95E5C052293575AC006880A4 /* PetViewModel.swift in Sources */,
				FEAE05092938E2F800F2A496 /* ImageTableViewCell.swift in Sources */,
				95FBA3862933FA860071F130 /* RecordsNamesEnum.swift in Sources */,
				95484BB6293126BF0021B21B /* ShelterViewController.swift in Sources */,
				FEAE05182938E91700F2A496 /* ImagesFormTableViewController.swift in Sources */,
				95484BB2293126BF0021B21B /* AppDelegate.swift in Sources */,
				95FBA37D29339D0C0071F130 /* SheltersView.swift in Sources */,
				FEAE051B2938ED1000F2A496 /* FormViewModel.swift in Sources */,
				FEAE05142938E81D00F2A496 /* ModelFormTableViewController.swift in Sources */,
				852A02632936BEBD00C4B7D0 /* UIImageView+.swift in Sources */,
				95E5C0472934351F006880A4 /* ObservableObject.swift in Sources */,
				8505B3AB293648BC0032BAC9 /* ViewCoding.swift in Sources */,
				95FBA3842933D2DA0071F130 /* ShelterModel.swift in Sources */,
				FEAE05162938E86B00F2A496 /* FormModel.swift in Sources */,
				95E5C0492934DA4E006880A4 /* ICloudRepository.swift in Sources */,
				95E5C05029357555006880A4 /* PetViewController.swift in Sources */,
				FEAE050E2938E50E00F2A496 /* FooterTableView.swift in Sources */,
				FEAE050B2938E41200F2A496 /* HeaderTableView.swift in Sources */,
				95484BB4293126BF0021B21B /* SceneDelegate.swift in Sources */,
				852A026129366D8200C4B7D0 /* CKAsset+.swift in Sources */,
				95E5C04B29356F0B006880A4 /* PetView.swift in Sources */,
				8505B3A9293648A10032BAC9 /* ShelterTableViewCell.swift in Sources */,
			);
			runOnlyForDeploymentPostprocessing = 0;
		};
		95484BF52931A8BB0021B21B /* Sources */ = {
			isa = PBXSourcesBuildPhase;
			buildActionMask = 2147483647;
			files = (
				95484BFC2931A8BB0021B21B /* ChallengeAnimalUserTests.swift in Sources */,
			);
			runOnlyForDeploymentPostprocessing = 0;
		};
/* End PBXSourcesBuildPhase section */

/* Begin PBXTargetDependency section */
		95484BFE2931A8BB0021B21B /* PBXTargetDependency */ = {
			isa = PBXTargetDependency;
			target = 95484BAD293126BE0021B21B /* ChallengeAnimalUser */;
			targetProxy = 95484BFD2931A8BB0021B21B /* PBXContainerItemProxy */;
		};
/* End PBXTargetDependency section */

/* Begin PBXVariantGroup section */
		95484BBC293126BF0021B21B /* LaunchScreen.storyboard */ = {
			isa = PBXVariantGroup;
			children = (
				95484BBD293126BF0021B21B /* Base */,
			);
			name = LaunchScreen.storyboard;
			sourceTree = "<group>";
		};
/* End PBXVariantGroup section */

/* Begin XCBuildConfiguration section */
		95484BD6293126BF0021B21B /* Debug */ = {
			isa = XCBuildConfiguration;
			buildSettings = {
				ALWAYS_SEARCH_USER_PATHS = NO;
				CLANG_ANALYZER_NONNULL = YES;
				CLANG_ANALYZER_NUMBER_OBJECT_CONVERSION = YES_AGGRESSIVE;
				CLANG_CXX_LANGUAGE_STANDARD = "gnu++20";
				CLANG_ENABLE_MODULES = YES;
				CLANG_ENABLE_OBJC_ARC = YES;
				CLANG_ENABLE_OBJC_WEAK = YES;
				CLANG_WARN_BLOCK_CAPTURE_AUTORELEASING = YES;
				CLANG_WARN_BOOL_CONVERSION = YES;
				CLANG_WARN_COMMA = YES;
				CLANG_WARN_CONSTANT_CONVERSION = YES;
				CLANG_WARN_DEPRECATED_OBJC_IMPLEMENTATIONS = YES;
				CLANG_WARN_DIRECT_OBJC_ISA_USAGE = YES_ERROR;
				CLANG_WARN_DOCUMENTATION_COMMENTS = YES;
				CLANG_WARN_EMPTY_BODY = YES;
				CLANG_WARN_ENUM_CONVERSION = YES;
				CLANG_WARN_INFINITE_RECURSION = YES;
				CLANG_WARN_INT_CONVERSION = YES;
				CLANG_WARN_NON_LITERAL_NULL_CONVERSION = YES;
				CLANG_WARN_OBJC_IMPLICIT_RETAIN_SELF = YES;
				CLANG_WARN_OBJC_LITERAL_CONVERSION = YES;
				CLANG_WARN_OBJC_ROOT_CLASS = YES_ERROR;
				CLANG_WARN_QUOTED_INCLUDE_IN_FRAMEWORK_HEADER = YES;
				CLANG_WARN_RANGE_LOOP_ANALYSIS = YES;
				CLANG_WARN_STRICT_PROTOTYPES = YES;
				CLANG_WARN_SUSPICIOUS_MOVE = YES;
				CLANG_WARN_UNGUARDED_AVAILABILITY = YES_AGGRESSIVE;
				CLANG_WARN_UNREACHABLE_CODE = YES;
				CLANG_WARN__DUPLICATE_METHOD_MATCH = YES;
				COPY_PHASE_STRIP = NO;
				DEBUG_INFORMATION_FORMAT = dwarf;
				ENABLE_STRICT_OBJC_MSGSEND = YES;
				ENABLE_TESTABILITY = YES;
				GCC_C_LANGUAGE_STANDARD = gnu11;
				GCC_DYNAMIC_NO_PIC = NO;
				GCC_NO_COMMON_BLOCKS = YES;
				GCC_OPTIMIZATION_LEVEL = 0;
				GCC_PREPROCESSOR_DEFINITIONS = (
					"DEBUG=1",
					"$(inherited)",
				);
				GCC_WARN_64_TO_32_BIT_CONVERSION = YES;
				GCC_WARN_ABOUT_RETURN_TYPE = YES_ERROR;
				GCC_WARN_UNDECLARED_SELECTOR = YES;
				GCC_WARN_UNINITIALIZED_AUTOS = YES_AGGRESSIVE;
				GCC_WARN_UNUSED_FUNCTION = YES;
				GCC_WARN_UNUSED_VARIABLE = YES;
				IPHONEOS_DEPLOYMENT_TARGET = 16.0;
				MTL_ENABLE_DEBUG_INFO = INCLUDE_SOURCE;
				MTL_FAST_MATH = YES;
				ONLY_ACTIVE_ARCH = YES;
				SDKROOT = iphoneos;
				SWIFT_ACTIVE_COMPILATION_CONDITIONS = DEBUG;
				SWIFT_OPTIMIZATION_LEVEL = "-Onone";
			};
			name = Debug;
		};
		95484BD7293126BF0021B21B /* Release */ = {
			isa = XCBuildConfiguration;
			buildSettings = {
				ALWAYS_SEARCH_USER_PATHS = NO;
				CLANG_ANALYZER_NONNULL = YES;
				CLANG_ANALYZER_NUMBER_OBJECT_CONVERSION = YES_AGGRESSIVE;
				CLANG_CXX_LANGUAGE_STANDARD = "gnu++20";
				CLANG_ENABLE_MODULES = YES;
				CLANG_ENABLE_OBJC_ARC = YES;
				CLANG_ENABLE_OBJC_WEAK = YES;
				CLANG_WARN_BLOCK_CAPTURE_AUTORELEASING = YES;
				CLANG_WARN_BOOL_CONVERSION = YES;
				CLANG_WARN_COMMA = YES;
				CLANG_WARN_CONSTANT_CONVERSION = YES;
				CLANG_WARN_DEPRECATED_OBJC_IMPLEMENTATIONS = YES;
				CLANG_WARN_DIRECT_OBJC_ISA_USAGE = YES_ERROR;
				CLANG_WARN_DOCUMENTATION_COMMENTS = YES;
				CLANG_WARN_EMPTY_BODY = YES;
				CLANG_WARN_ENUM_CONVERSION = YES;
				CLANG_WARN_INFINITE_RECURSION = YES;
				CLANG_WARN_INT_CONVERSION = YES;
				CLANG_WARN_NON_LITERAL_NULL_CONVERSION = YES;
				CLANG_WARN_OBJC_IMPLICIT_RETAIN_SELF = YES;
				CLANG_WARN_OBJC_LITERAL_CONVERSION = YES;
				CLANG_WARN_OBJC_ROOT_CLASS = YES_ERROR;
				CLANG_WARN_QUOTED_INCLUDE_IN_FRAMEWORK_HEADER = YES;
				CLANG_WARN_RANGE_LOOP_ANALYSIS = YES;
				CLANG_WARN_STRICT_PROTOTYPES = YES;
				CLANG_WARN_SUSPICIOUS_MOVE = YES;
				CLANG_WARN_UNGUARDED_AVAILABILITY = YES_AGGRESSIVE;
				CLANG_WARN_UNREACHABLE_CODE = YES;
				CLANG_WARN__DUPLICATE_METHOD_MATCH = YES;
				COPY_PHASE_STRIP = NO;
				DEBUG_INFORMATION_FORMAT = "dwarf-with-dsym";
				ENABLE_NS_ASSERTIONS = NO;
				ENABLE_STRICT_OBJC_MSGSEND = YES;
				GCC_C_LANGUAGE_STANDARD = gnu11;
				GCC_NO_COMMON_BLOCKS = YES;
				GCC_WARN_64_TO_32_BIT_CONVERSION = YES;
				GCC_WARN_ABOUT_RETURN_TYPE = YES_ERROR;
				GCC_WARN_UNDECLARED_SELECTOR = YES;
				GCC_WARN_UNINITIALIZED_AUTOS = YES_AGGRESSIVE;
				GCC_WARN_UNUSED_FUNCTION = YES;
				GCC_WARN_UNUSED_VARIABLE = YES;
				IPHONEOS_DEPLOYMENT_TARGET = 16.0;
				MTL_ENABLE_DEBUG_INFO = NO;
				MTL_FAST_MATH = YES;
				SDKROOT = iphoneos;
				SWIFT_COMPILATION_MODE = wholemodule;
				SWIFT_OPTIMIZATION_LEVEL = "-O";
				VALIDATE_PRODUCT = YES;
			};
			name = Release;
		};
		95484BD9293126BF0021B21B /* Debug */ = {
			isa = XCBuildConfiguration;
			buildSettings = {
				ASSETCATALOG_COMPILER_APPICON_NAME = AppIcon;
				ASSETCATALOG_COMPILER_GLOBAL_ACCENT_COLOR_NAME = AccentColor;
				CODE_SIGN_ENTITLEMENTS = ChallengeAnimalUser/ChallengeAnimalUser.entitlements;
				CODE_SIGN_IDENTITY = "Apple Development";
				CODE_SIGN_STYLE = Automatic;
				CURRENT_PROJECT_VERSION = 1;
				DEVELOPMENT_TEAM = 35GM6XG62S;
				GENERATE_INFOPLIST_FILE = YES;
				INFOPLIST_FILE = ChallengeAnimalUser/Info.plist;
				INFOPLIST_KEY_NSCameraUsageDescription = "ChallengeAnimalUser wants to use your Camera";
				INFOPLIST_KEY_UIApplicationSupportsIndirectInputEvents = YES;
				INFOPLIST_KEY_UILaunchStoryboardName = LaunchScreen;
				INFOPLIST_KEY_UISupportedInterfaceOrientations_iPad = "UIInterfaceOrientationPortrait UIInterfaceOrientationPortraitUpsideDown UIInterfaceOrientationLandscapeLeft UIInterfaceOrientationLandscapeRight";
				INFOPLIST_KEY_UISupportedInterfaceOrientations_iPhone = "UIInterfaceOrientationPortrait UIInterfaceOrientationLandscapeLeft UIInterfaceOrientationLandscapeRight";
				IPHONEOS_DEPLOYMENT_TARGET = 16.0;
				LD_RUNPATH_SEARCH_PATHS = (
					"$(inherited)",
					"@executable_path/Frameworks",
				);
				MARKETING_VERSION = 1.0;
				PRODUCT_BUNDLE_IDENTIFIER = moysesazevedo.ChallengeAnimalUser;
				PRODUCT_NAME = "$(TARGET_NAME)";
				PROVISIONING_PROFILE_SPECIFIER = "";
				SUPPORTED_PLATFORMS = "iphoneos iphonesimulator";
				SUPPORTS_MACCATALYST = NO;
				SUPPORTS_MAC_DESIGNED_FOR_IPHONE_IPAD = NO;
				SWIFT_EMIT_LOC_STRINGS = YES;
				SWIFT_VERSION = 5.0;
				TARGETED_DEVICE_FAMILY = 1;
			};
			name = Debug;
		};
		95484BDA293126BF0021B21B /* Release */ = {
			isa = XCBuildConfiguration;
			buildSettings = {
				ASSETCATALOG_COMPILER_APPICON_NAME = AppIcon;
				ASSETCATALOG_COMPILER_GLOBAL_ACCENT_COLOR_NAME = AccentColor;
				CODE_SIGN_ENTITLEMENTS = ChallengeAnimalUser/ChallengeAnimalUser.entitlements;
				CODE_SIGN_IDENTITY = "Apple Development";
				CODE_SIGN_STYLE = Automatic;
				CURRENT_PROJECT_VERSION = 1;
				DEVELOPMENT_TEAM = 35GM6XG62S;
				GENERATE_INFOPLIST_FILE = YES;
				INFOPLIST_FILE = ChallengeAnimalUser/Info.plist;
				INFOPLIST_KEY_NSCameraUsageDescription = "ChallengeAnimalUser wants to use your Camera";
				INFOPLIST_KEY_UIApplicationSupportsIndirectInputEvents = YES;
				INFOPLIST_KEY_UILaunchStoryboardName = LaunchScreen;
				INFOPLIST_KEY_UISupportedInterfaceOrientations_iPad = "UIInterfaceOrientationPortrait UIInterfaceOrientationPortraitUpsideDown UIInterfaceOrientationLandscapeLeft UIInterfaceOrientationLandscapeRight";
				INFOPLIST_KEY_UISupportedInterfaceOrientations_iPhone = "UIInterfaceOrientationPortrait UIInterfaceOrientationLandscapeLeft UIInterfaceOrientationLandscapeRight";
				IPHONEOS_DEPLOYMENT_TARGET = 16.0;
				LD_RUNPATH_SEARCH_PATHS = (
					"$(inherited)",
					"@executable_path/Frameworks",
				);
				MARKETING_VERSION = 1.0;
				PRODUCT_BUNDLE_IDENTIFIER = moysesazevedo.ChallengeAnimalUser;
				PRODUCT_NAME = "$(TARGET_NAME)";
				PROVISIONING_PROFILE_SPECIFIER = "";
				SUPPORTED_PLATFORMS = "iphoneos iphonesimulator";
				SUPPORTS_MACCATALYST = NO;
				SUPPORTS_MAC_DESIGNED_FOR_IPHONE_IPAD = NO;
				SWIFT_EMIT_LOC_STRINGS = YES;
				SWIFT_VERSION = 5.0;
				TARGETED_DEVICE_FAMILY = 1;
			};
			name = Release;
		};
		95484C002931A8BB0021B21B /* Debug */ = {
			isa = XCBuildConfiguration;
			buildSettings = {
				BUNDLE_LOADER = "$(TEST_HOST)";
				CODE_SIGN_STYLE = Automatic;
				CURRENT_PROJECT_VERSION = 1;
				DEVELOPMENT_TEAM = 35GM6XG62S;
				GENERATE_INFOPLIST_FILE = YES;
				IPHONEOS_DEPLOYMENT_TARGET = 16.0;
				MARKETING_VERSION = 1.0;
				PRODUCT_BUNDLE_IDENTIFIER = Academy.ChallengeAnimalUserTests;
				PRODUCT_NAME = "$(TARGET_NAME)";
				SUPPORTED_PLATFORMS = "iphoneos iphonesimulator";
				SUPPORTS_MACCATALYST = NO;
				SUPPORTS_MAC_DESIGNED_FOR_IPHONE_IPAD = NO;
				SWIFT_EMIT_LOC_STRINGS = NO;
				SWIFT_VERSION = 5.0;
				TARGETED_DEVICE_FAMILY = 1;
				TEST_HOST = "$(BUILT_PRODUCTS_DIR)/ChallengeAnimalUser.app/$(BUNDLE_EXECUTABLE_FOLDER_PATH)/ChallengeAnimalUser";
			};
			name = Debug;
		};
		95484C012931A8BB0021B21B /* Release */ = {
			isa = XCBuildConfiguration;
			buildSettings = {
				BUNDLE_LOADER = "$(TEST_HOST)";
				CODE_SIGN_STYLE = Automatic;
				CURRENT_PROJECT_VERSION = 1;
				DEVELOPMENT_TEAM = 35GM6XG62S;
				GENERATE_INFOPLIST_FILE = YES;
				IPHONEOS_DEPLOYMENT_TARGET = 16.0;
				MARKETING_VERSION = 1.0;
				PRODUCT_BUNDLE_IDENTIFIER = Academy.ChallengeAnimalUserTests;
				PRODUCT_NAME = "$(TARGET_NAME)";
				SUPPORTED_PLATFORMS = "iphoneos iphonesimulator";
				SUPPORTS_MACCATALYST = NO;
				SUPPORTS_MAC_DESIGNED_FOR_IPHONE_IPAD = NO;
				SWIFT_EMIT_LOC_STRINGS = NO;
				SWIFT_VERSION = 5.0;
				TARGETED_DEVICE_FAMILY = 1;
				TEST_HOST = "$(BUILT_PRODUCTS_DIR)/ChallengeAnimalUser.app/$(BUNDLE_EXECUTABLE_FOLDER_PATH)/ChallengeAnimalUser";
			};
			name = Release;
		};
/* End XCBuildConfiguration section */

/* Begin XCConfigurationList section */
		95484BA9293126BE0021B21B /* Build configuration list for PBXProject "ChallengeAnimalUser" */ = {
			isa = XCConfigurationList;
			buildConfigurations = (
				95484BD6293126BF0021B21B /* Debug */,
				95484BD7293126BF0021B21B /* Release */,
			);
			defaultConfigurationIsVisible = 0;
			defaultConfigurationName = Release;
		};
		95484BD8293126BF0021B21B /* Build configuration list for PBXNativeTarget "ChallengeAnimalUser" */ = {
			isa = XCConfigurationList;
			buildConfigurations = (
				95484BD9293126BF0021B21B /* Debug */,
				95484BDA293126BF0021B21B /* Release */,
			);
			defaultConfigurationIsVisible = 0;
			defaultConfigurationName = Release;
		};
		95484BFF2931A8BB0021B21B /* Build configuration list for PBXNativeTarget "ChallengeAnimalUserTests" */ = {
			isa = XCConfigurationList;
			buildConfigurations = (
				95484C002931A8BB0021B21B /* Debug */,
				95484C012931A8BB0021B21B /* Release */,
			);
			defaultConfigurationIsVisible = 0;
			defaultConfigurationName = Release;
		};
/* End XCConfigurationList section */

/* Begin XCRemoteSwiftPackageReference section */
		852A02682936C37D00C4B7D0 /* XCRemoteSwiftPackageReference "SDWebImage" */ = {
			isa = XCRemoteSwiftPackageReference;
			repositoryURL = "https://github.com/SDWebImage/SDWebImage.git";
			requirement = {
				kind = upToNextMajorVersion;
				minimumVersion = 5.0.0;
			};
		};
/* End XCRemoteSwiftPackageReference section */

/* Begin XCSwiftPackageProductDependency section */
		852A02692936C37D00C4B7D0 /* SDWebImage */ = {
			isa = XCSwiftPackageProductDependency;
			package = 852A02682936C37D00C4B7D0 /* XCRemoteSwiftPackageReference "SDWebImage" */;
			productName = SDWebImage;
		};
		852A026B2936C37D00C4B7D0 /* SDWebImageMapKit */ = {
			isa = XCSwiftPackageProductDependency;
			package = 852A02682936C37D00C4B7D0 /* XCRemoteSwiftPackageReference "SDWebImage" */;
			productName = SDWebImageMapKit;
		};
/* End XCSwiftPackageProductDependency section */
	};
	rootObject = 95484BA6293126BE0021B21B /* Project object */;
}
